
Microsoft Visual Studio Solution File, Format Version 11.00
# Visual Studio 2010
Project("{FAE04EC0-301F-11D3-BF4B-00C04F79EFBC}") = "TesOne", "TesOne\TesOne.csproj", "{140CA125-9C9E-4A6E-9947-3C866BF4EDEA}"
EndProject
Global
	GlobalSection(SolutionConfigurationPlatforms) = preSolution
		Debug|x86 = Debug|x86
		Release|x86 = Release|x86
	EndGlobalSection
	GlobalSection(ProjectConfigurationPlatforms) = postSolution
		{140CA125-9C9E-4A6E-9947-3C866BF4EDEA}.Debug|x86.ActiveCfg = Debug|x86
		{140CA125-9C9E-4A6E-9947-3C866BF4EDEA}.Debug|x86.Build.0 = Debug|x86
		{140CA125-9C9E-4A6E-9947-3C866BF4EDEA}.Release|x86.ActiveCfg = Release|x86
		{140CA125-9C9E-4A6E-9947-3C866BF4EDEA}.Release|x86.Build.0 = Release|x86
	EndGlobalSection
	GlobalSection(SolutionProperties) = preSolution
		HideSolutionNode = FALSE
	EndGlobalSection
EndGlobal
